
Microsoft Visual Studio Solution File, Format Version 12.00
# Visual Studio Version 17
VisualStudioVersion = 17.14.36518.9
MinimumVisualStudioVersion = 10.0.40219.1
Project("{FAE04EC0-301F-11D3-BF4B-00C04F79EFBC}") = "LibraryManagement.API", "LibraryManagement.API\LibraryManagement.API.csproj", "{61D3A279-4EB1-4D66-B0DC-61FEEAA64B05}"
EndProject
Project("{FAE04EC0-301F-11D3-BF4B-00C04F79EFBC}") = "LibraryManagement.Business", "LibraryManagement.Business\LibraryManagement.Business.csproj", "{D17B298F-64CC-468C-8EA6-B41891372065}"
EndProject
Project("{FAE04EC0-301F-11D3-BF4B-00C04F79EFBC}") = "LibraryManagement.Core", "LibraryManagement.Core\LibraryManagement.Core.csproj", "{90D09EE7-7B6F-4BE2-BA58-2259A4352256}"
EndProject
Project("{FAE04EC0-301F-11D3-BF4B-00C04F79EFBC}") = "LibraryManagement.DAL", "LibraryManagement.DAL\LibraryManagement.DAL.csproj", "{98CF09D1-ECCB-474E-AA8A-07A47987CF11}"
EndProject
Project("{FAE04EC0-301F-11D3-BF4B-00C04F79EFBC}") = "LibraryManagement.Tests", "LibraryManagement.Tests\LibraryManagement.Tests.csproj", "{D0BF3EC6-9EB0-4E8F-A411-CE216305BBBB}"
EndProject
Global
	GlobalSection(SolutionConfigurationPlatforms) = preSolution
		Debug|Any CPU = Debug|Any CPU
		Release|Any CPU = Release|Any CPU
	EndGlobalSection
	GlobalSection(ProjectConfigurationPlatforms) = postSolution
		{61D3A279-4EB1-4D66-B0DC-61FEEAA64B05}.Debug|Any CPU.ActiveCfg = Debug|Any CPU
		{61D3A279-4EB1-4D66-B0DC-61FEEAA64B05}.Debug|Any CPU.Build.0 = Debug|Any CPU
		{61D3A279-4EB1-4D66-B0DC-61FEEAA64B05}.Release|Any CPU.ActiveCfg = Release|Any CPU
		{61D3A279-4EB1-4D66-B0DC-61FEEAA64B05}.Release|Any CPU.Build.0 = Release|Any CPU
		{D17B298F-64CC-468C-8EA6-B41891372065}.Debug|Any CPU.ActiveCfg = Debug|Any CPU
		{D17B298F-64CC-468C-8EA6-B41891372065}.Debug|Any CPU.Build.0 = Debug|Any CPU
		{D17B298F-64CC-468C-8EA6-B41891372065}.Release|Any CPU.ActiveCfg = Release|Any CPU
		{D17B298F-64CC-468C-8EA6-B41891372065}.Release|Any CPU.Build.0 = Release|Any CPU
		{90D09EE7-7B6F-4BE2-BA58-2259A4352256}.Debug|Any CPU.ActiveCfg = Debug|Any CPU
		{90D09EE7-7B6F-4BE2-BA58-2259A4352256}.Debug|Any CPU.Build.0 = Debug|Any CPU
		{90D09EE7-7B6F-4BE2-BA58-2259A4352256}.Release|Any CPU.ActiveCfg = Release|Any CPU
		{90D09EE7-7B6F-4BE2-BA58-2259A4352256}.Release|Any CPU.Build.0 = Release|Any CPU
		{98CF09D1-ECCB-474E-AA8A-07A47987CF11}.Debug|Any CPU.ActiveCfg = Debug|Any CPU
		{98CF09D1-ECCB-474E-AA8A-07A47987CF11}.Debug|Any CPU.Build.0 = Debug|Any CPU
		{98CF09D1-ECCB-474E-AA8A-07A47987CF11}.Release|Any CPU.ActiveCfg = Release|Any CPU
		{98CF09D1-ECCB-474E-AA8A-07A47987CF11}.Release|Any CPU.Build.0 = Release|Any CPU
		{D0BF3EC6-9EB0-4E8F-A411-CE216305BBBB}.Debug|Any CPU.ActiveCfg = Debug|Any CPU
		{D0BF3EC6-9EB0-4E8F-A411-CE216305BBBB}.Debug|Any CPU.Build.0 = Debug|Any CPU
		{D0BF3EC6-9EB0-4E8F-A411-CE216305BBBB}.Release|Any CPU.ActiveCfg = Release|Any CPU
		{D0BF3EC6-9EB0-4E8F-A411-CE216305BBBB}.Release|Any CPU.Build.0 = Release|Any CPU
	EndGlobalSection
	GlobalSection(SolutionProperties) = preSolution
		HideSolutionNode = FALSE
	EndGlobalSection
	GlobalSection(ExtensibilityGlobals) = postSolution
		SolutionGuid = {1985A96C-E63A-4A01-87F7-2571F208269C}
	EndGlobalSection
EndGlobal
